GIT
  remote: https://github.com/ParadoxV5/yard.git
  revision: 9e869c940859570b07b81c5eadd6070e76f6291e
  ref: 9e869c940859570b07b81c5eadd6070e76f6291e
  branch: commonmarker-1.0
  specs:
    yard (0.9.36)

PATH
  remote: .
  specs:
    haiti-hash (4.0.0)
      docopt (~> 0.6)
      paint (~> 2.3)

GEM
  remote: https://rubygems.org/
  specs:
    asciidoctor (2.0.26)
    ast (2.4.3)
    commonmarker (2.6.1-x86_64-linux)
    docopt (0.6.1)
    json (2.18.0)
    language_server-protocol (3.17.0.5)
    lint_roller (1.1.0)
    minitest (6.0.1)
      prism (~> 1.5)
    paint (2.3.0)
    parallel (1.27.0)
    parser (3.3.10.0)
      ast (~> 2.4.1)
      racc
    prism (1.7.0)
    racc (1.8.1)
    rainbow (3.1.1)
    rake (13.3.1)
    regexp_parser (2.11.3)
    rubocop (1.82.1)
      json (~> 2.3)
      language_server-protocol (~> 3.17.0.2)
      lint_roller (~> 1.1.0)
      parallel (~> 1.10)
      parser (>= 3.3.0.2)
      rainbow (>= 2.2.2, < 4.0)
      regexp_parser (>= 2.9.3, < 3.0)
      rubocop-ast (>= 1.48.0, < 2.0)
      ruby-progressbar (~> 1.7)
      unicode-display_width (>= 2.4.0, < 4.0)
    rubocop-ast (1.49.0)
      parser (>= 3.3.7.2)
      prism (~> 1.7)
    ruby-progressbar (1.13.0)
    unicode-display_width (3.2.0)
      unicode-emoji (~> 4.1)
    unicode-emoji (4.2.0)

PLATFORMS
  x86_64-linux

DEPENDENCIES
  asciidoctor (~> 2.0)
  bundler (>= 2.1)
  commonmarker (~> 2.6, >= 2.6.1)
  docopt (~> 0.6)
  haiti-hash!
  minitest (~> 6.0)
  paint (~> 2.3)
  rake (~> 13.2)
  rubocop (~> 1.66)
  yard!

BUNDLED WITH
  4.0.3
